
Microsoft Visual Studio Solution File, Format Version 12.00
# Visual Studio Version 16
VisualStudioVersion = 16.0.30128.74
MinimumVisualStudioVersion = 10.0.40219.1
Project("{FAE04EC0-301F-11D3-BF4B-00C04F79EFBC}") = "ChattingProgram", "ChattingProgram\ChattingProgram.csproj", "{9F979EE2-37B7-4D01-982D-91C20EE752FE}"
EndProject
Project("{FAE04EC0-301F-11D3-BF4B-00C04F79EFBC}") = "Client", "Client\Client.csproj", "{C691C6F4-683D-483E-9E20-A5F14C90D0EB}"
EndProject
Global
	GlobalSection(SolutionConfigurationPlatforms) = preSolution
		Debug|Any CPU = Debug|Any CPU
		Release|Any CPU = Release|Any CPU
	EndGlobalSection
	GlobalSection(ProjectConfigurationPlatforms) = postSolution
		{9F979EE2-37B7-4D01-982D-91C20EE752FE}.Debug|Any CPU.ActiveCfg = Debug|Any CPU
		{9F979EE2-37B7-4D01-982D-91C20EE752FE}.Debug|Any CPU.Build.0 = Debug|Any CPU
		{9F979EE2-37B7-4D01-982D-91C20EE752FE}.Release|Any CPU.ActiveCfg = Release|Any CPU
		{9F979EE2-37B7-4D01-982D-91C20EE752FE}.Release|Any CPU.Build.0 = Release|Any CPU
		{C691C6F4-683D-483E-9E20-A5F14C90D0EB}.Debug|Any CPU.ActiveCfg = Debug|Any CPU
		{C691C6F4-683D-483E-9E20-A5F14C90D0EB}.Debug|Any CPU.Build.0 = Debug|Any CPU
		{C691C6F4-683D-483E-9E20-A5F14C90D0EB}.Release|Any CPU.ActiveCfg = Release|Any CPU
		{C691C6F4-683D-483E-9E20-A5F14C90D0EB}.Release|Any CPU.Build.0 = Release|Any CPU
	EndGlobalSection
	GlobalSection(SolutionProperties) = preSolution
		HideSolutionNode = FALSE
	EndGlobalSection
	GlobalSection(ExtensibilityGlobals) = postSolution
		SolutionGuid = {D87D326E-C123-4197-ABB3-2857FDA641B2}
	EndGlobalSection
EndGlobal
