
Microsoft Visual Studio Solution File, Format Version 12.00
# Visual Studio Version 16
VisualStudioVersion = 16.0.30128.74
MinimumVisualStudioVersion = 10.0.40219.1
Project("{FAE04EC0-301F-11D3-BF4B-00C04F79EFBC}") = "WpfHelloWorld", "WpfHelloWorld\WpfHelloWorld.csproj", "{381D5E3F-B55B-4EDA-9FC5-1A88A668A7FF}"
EndProject
Global
	GlobalSection(SolutionConfigurationPlatforms) = preSolution
		Debug|Any CPU = Debug|Any CPU
		Release|Any CPU = Release|Any CPU
	EndGlobalSection
	GlobalSection(ProjectConfigurationPlatforms) = postSolution
		{381D5E3F-B55B-4EDA-9FC5-1A88A668A7FF}.Debug|Any CPU.ActiveCfg = Debug|Any CPU
		{381D5E3F-B55B-4EDA-9FC5-1A88A668A7FF}.Debug|Any CPU.Build.0 = Debug|Any CPU
		{381D5E3F-B55B-4EDA-9FC5-1A88A668A7FF}.Release|Any CPU.ActiveCfg = Release|Any CPU
		{381D5E3F-B55B-4EDA-9FC5-1A88A668A7FF}.Release|Any CPU.Build.0 = Release|Any CPU
	EndGlobalSection
	GlobalSection(SolutionProperties) = preSolution
		HideSolutionNode = FALSE
	EndGlobalSection
	GlobalSection(ExtensibilityGlobals) = postSolution
		SolutionGuid = {C0B7947F-AF78-44E0-BF24-C8FCA4613C73}
	EndGlobalSection
EndGlobal
